
Microsoft Visual Studio Solution File, Format Version 12.00
# Visual Studio Version 17
VisualStudioVersion = 17.4.33205.214
MinimumVisualStudioVersion = 10.0.40219.1
Project("{FAE04EC0-301F-11D3-BF4B-00C04F79EFBC}") = "DIMANAGAME", "DIMANAGAME.csproj", "{1C851F16-070A-4740-B898-F6AFB81E4E3F}"
EndProject
Global
	GlobalSection(SolutionConfigurationPlatforms) = preSolution
		Debug|Any CPU = Debug|Any CPU
		Release|Any CPU = Release|Any CPU
	EndGlobalSection
	GlobalSection(ProjectConfigurationPlatforms) = postSolution
		{1C851F16-070A-4740-B898-F6AFB81E4E3F}.Debug|Any CPU.ActiveCfg = Debug|Any CPU
		{1C851F16-070A-4740-B898-F6AFB81E4E3F}.Debug|Any CPU.Build.0 = Debug|Any CPU
		{1C851F16-070A-4740-B898-F6AFB81E4E3F}.Release|Any CPU.ActiveCfg = Release|Any CPU
		{1C851F16-070A-4740-B898-F6AFB81E4E3F}.Release|Any CPU.Build.0 = Release|Any CPU
	EndGlobalSection
	GlobalSection(SolutionProperties) = preSolution
		HideSolutionNode = FALSE
	EndGlobalSection
	GlobalSection(ExtensibilityGlobals) = postSolution
		SolutionGuid = {4B828F4F-61CC-4326-8B5A-3567B133E88C}
	EndGlobalSection
EndGlobal
